
Microsoft Visual Studio Solution File, Format Version 12.00
# Visual Studio Version 16
VisualStudioVersion = 16.0.33529.622
MinimumVisualStudioVersion = 10.0.40219.1
Project("{FAE04EC0-301F-11D3-BF4B-00C04F79EFBC}") = "Magnit_app", "Magnit_app\Magnit_app.csproj", "{C436FDAB-BF54-473C-82E6-CE7823A25CA4}"
EndProject
Global
	GlobalSection(SolutionConfigurationPlatforms) = preSolution
		Debug|Any CPU = Debug|Any CPU
		Release|Any CPU = Release|Any CPU
	EndGlobalSection
	GlobalSection(ProjectConfigurationPlatforms) = postSolution
		{C436FDAB-BF54-473C-82E6-CE7823A25CA4}.Debug|Any CPU.ActiveCfg = Debug|Any CPU
		{C436FDAB-BF54-473C-82E6-CE7823A25CA4}.Debug|Any CPU.Build.0 = Debug|Any CPU
		{C436FDAB-BF54-473C-82E6-CE7823A25CA4}.Release|Any CPU.ActiveCfg = Release|Any CPU
		{C436FDAB-BF54-473C-82E6-CE7823A25CA4}.Release|Any CPU.Build.0 = Release|Any CPU
	EndGlobalSection
	GlobalSection(SolutionProperties) = preSolution
		HideSolutionNode = FALSE
	EndGlobalSection
	GlobalSection(ExtensibilityGlobals) = postSolution
		SolutionGuid = {12E25AB9-EF35-4902-854D-30E6030488E4}
	EndGlobalSection
EndGlobal
